dependencies:
- name: common
  repository: https://charts.bitnami.com/bitnami
  version: 2.4.0
- name: mysql
  repository: https://charts.bitnami.com/bitnami
  version: 9.10.2
- name: mariadb
  repository: https://charts.bitnami.com/bitnami
  version: 12.2.5
- name: postgresql
  repository: https://charts.bitnami.com/bitnami
  version: 12.5.6
- name: solr
  repository: https://charts.bitnami.com/bitnami
  version: 6.3.1
digest: sha256:bebf32e2e0ff53b4cb19f8003a6fa53a1f36394122a92fb821d4d27ec2555968
generated: "2023-07-13T12:10:26.336750548+03:00"
